{
    "_readme": [
        "This file locks the dependencies of your project to a known state",
        "Read more about it at https://getcomposer.org/doc/01-basic-usage.md#composer-lock-the-lock-file",
        "This file is @generated automatically"
    ],
    "hash": "03aac7f4121ed7bf815aa34219b08c52",
    "content-hash": "fa858cfb7bc079f1bdee26c18ff20c67",
    "packages": [
        {
            "name": "ammonitenetworks/activity",
            "version": "dev-master",
            "source": {
                "type": "git",
                "url": "git@github.com:AmmoniteNetworks/Activity.git",
                "reference": "e4f0bbd411809538a366273a92edb24c13bbdb47"
            },
            "dist": {
                "type": "zip",
                "url": "https://api.github.com/repos/AmmoniteNetworks/Activity/zipball/e4f0bbd411809538a366273a92edb24c13bbdb47",
                "reference": "e4f0bbd411809538a366273a92edb24c13bbdb47",
                "shasum": ""
            },
            "require": {
                "ammonitenetworks/admin": "dev-master",
                "ammonitenetworks/library": "dev-master",
                "php": ">=5.4.0"
            },
            "type": "component",
            "autoload": {
                "psr-0": {
                    "Activity": "src/"
                }
            },
            "license": [
                "GPL"
            ],
            "authors": [
                {
                    "name": "Chris French",
                    "email": "chris@ammonitenetworks.com",
                    "homepage": "http://ammonitenetworks.com",
                    "role": "Developer"
                }
            ],
            "description": "Activity component for the F3-framework",
            "homepage": "https://github.com/ammonitenetworks/activity",
            "keywords": [
                "F3",
                "RAD",
                "Tracking"
            ],
            "support": {
                "source": "https://github.com/AmmoniteNetworks/Activity/tree/master",
                "issues": "https://github.com/AmmoniteNetworks/Activity/issues"
            },
            "time": "2016-04-09 21:04:34"
        },
        {
            "name": "ammonitenetworks/admin",
            "version": "dev-master",
            "source": {
                "type": "git",
                "url": "git@github.com:AmmoniteNetworks/Admin.git",
                "reference": "d8601bd83fb1731f21166e9c39ece594452d5058"
            },
            "dist": {
                "type": "zip",
                "url": "https://api.github.com/repos/AmmoniteNetworks/Admin/zipball/d8601bd83fb1731f21166e9c39ece594452d5058",
                "reference": "d8601bd83fb1731f21166e9c39ece594452d5058",
                "shasum": ""
            },
            "require": {
                "ammonitenetworks/library": "dev-master",
                "php": ">=5.4.0"
            },
            "type": "component",
            "autoload": {
                "psr-0": {
                    "Admin": "src/"
                }
            },
            "license": [
                "GPL"
            ],
            "authors": [
                {
                    "name": "Chris French",
                    "email": "chris@ammonitenetworks.com",
                    "homepage": "http://ammonitenetworks.com",
                    "role": "Developer"
                }
            ],
            "description": "Admin component for the F3-framework",
            "homepage": "https://github.com/ammonitenetworks/admin",
            "keywords": [
                "Admin",
                "CMS",
                "F3",
                "RAD"
            ],
            "support": {
                "source": "https://github.com/AmmoniteNetworks/Admin/tree/master",
                "issues": "https://github.com/AmmoniteNetworks/Admin/issues"
            },
            "time": "2016-04-01 20:24:21"
        },
        {
            "name": "ammonitenetworks/assets",
            "version": "dev-master",
            "source": {
                "type": "git",
                "url": "git@github.com:AmmoniteNetworks/Assets.git",
                "reference": "c964a0b380cab7b07b260fe81089b4213ff3d211"
            },
            "dist": {
                "type": "zip",
                "url": "https://api.github.com/repos/AmmoniteNetworks/Assets/zipball/c964a0b380cab7b07b260fe81089b4213ff3d211",
                "reference": "c964a0b380cab7b07b260fe81089b4213ff3d211",
                "shasum": ""
            },
            "require": {
                "ammonitenetworks/library": "dev-master",
                "cloudinary/cloudinary_php": "1.3.1",
                "php": ">=5.4.0"
            },
            "type": "component",
            "autoload": {
                "psr-0": {
                    "Assets": "src/",
                    "Fineuploader": "src/"
                }
            },
            "license": [
                "GPL"
            ],
            "authors": [
                {
                    "name": "Rafael Diaz-Tushman",
                    "email": "rdiaztushman@dioscouri.com",
                    "homepage": "http://dioscouri.com",
                    "role": "Developer"
                },
                {
                    "name": "Christopher French",
                    "email": "chris@ammonitenetworks.com",
                    "homepage": "http://www.ammonitenetworks.com",
                    "role": "Developer"
                }
            ],
            "description": "Assets component for the F3-framework",
            "homepage": "https://github.com/AmmoniteNetworks/Assets",
            "keywords": [
                "F3",
                "Media Asset Manager",
                "RAD"
            ],
            "support": {
                "source": "https://github.com/AmmoniteNetworks/Assets/tree/master",
                "issues": "https://github.com/AmmoniteNetworks/Assets/issues"
            },
            "time": "2016-04-09 20:27:45"
        },
        {
            "name": "ammonitenetworks/blog",
            "version": "dev-master",
            "source": {
                "type": "git",
                "url": "git@github.com:AmmoniteNetworks/Blog.git",
                "reference": "840cc32f651b8540efb704b55f8e2d2240a8b4a6"
            },
            "dist": {
                "type": "zip",
                "url": "https://api.github.com/repos/AmmoniteNetworks/Blog/zipball/840cc32f651b8540efb704b55f8e2d2240a8b4a6",
                "reference": "840cc32f651b8540efb704b55f8e2d2240a8b4a6",
                "shasum": ""
            },
            "require": {
                "ammonitenetworks/admin": "dev-master",
                "ammonitenetworks/library": "dev-master",
                "php": ">=5.4.0"
            },
            "type": "component",
            "autoload": {
                "psr-0": {
                    "Blog": "src/"
                }
            },
            "license": [
                "GPL"
            ],
            "authors": [
                {
                    "name": "Chris French",
                    "email": "rdiaztushman@ammonitenetworks.com",
                    "homepage": "http://ammonitenetworks.com",
                    "role": "Developer"
                }
            ],
            "description": "Blog component for the F3-framework",
            "homepage": "https://github.com/ammonitenetworks/f3-blog",
            "keywords": [
                "Blog",
                "F3",
                "RAD"
            ],
            "support": {
                "source": "https://github.com/AmmoniteNetworks/Blog/tree/master",
                "issues": "https://github.com/AmmoniteNetworks/Blog/issues"
            },
            "time": "2016-04-03 20:15:34"
        },
        {
            "name": "ammonitenetworks/library",
            "version": "dev-master",
            "source": {
                "type": "git",
                "url": "git@github.com:AmmoniteNetworks/Library.git",
                "reference": "0266444603069983010b72688dcc4be6b4a65396"
            },
            "dist": {
                "type": "zip",
                "url": "https://api.github.com/repos/AmmoniteNetworks/Library/zipball/0266444603069983010b72688dcc4be6b4a65396",
                "reference": "0266444603069983010b72688dcc4be6b4a65396",
                "shasum": ""
            },
            "require": {
                "php": ">=5.4.0"
            },
            "type": "library",
            "autoload": {
                "psr-0": {
                    "Dsc": "src/"
                }
            },
            "license": [
                "GPL"
            ],
            "authors": [
                {
                    "name": "Chris French",
                    "email": "chris.french@ammonitenetworks.com",
                    "homepage": "http://ammonitenetworks.com",
                    "role": "Developer"
                }
            ],
            "description": "Library for the F3-framework",
            "homepage": "https://github.com/ammonitenetworks/library",
            "keywords": [
                "F3",
                "RAD"
            ],
            "support": {
                "source": "https://github.com/AmmoniteNetworks/Library/tree/master",
                "issues": "https://github.com/AmmoniteNetworks/Library/issues"
            },
            "time": "2016-04-10 20:16:26"
        },
        {
            "name": "ammonitenetworks/mailer",
            "version": "dev-master",
            "source": {
                "type": "git",
                "url": "git@github.com:AmmoniteNetworks/Mailer.git",
                "reference": "3667dcb1fdb86006f31e886b07cc79e11ddc586f"
            },
            "dist": {
                "type": "zip",
                "url": "https://api.github.com/repos/AmmoniteNetworks/Mailer/zipball/3667dcb1fdb86006f31e886b07cc79e11ddc586f",
                "reference": "3667dcb1fdb86006f31e886b07cc79e11ddc586f",
                "shasum": ""
            },
            "require": {
                "ammonitenetworks/library": "dev-master",
                "mandrill/mandrill": ">=1.0.54",
                "php": ">=5.4.0",
                "phpmailer/phpmailer": ">=v5.2.7"
            },
            "type": "component",
            "autoload": {
                "psr-0": {
                    "Mailer": "src/"
                }
            },
            "license": [
                "GPL"
            ],
            "authors": [
                {
                    "name": "Chris French",
                    "email": "chris@ammonitenetworks.com",
                    "homepage": "http://ammonitenetworks.com",
                    "role": "Developer"
                },
                {
                    "name": "Rafael Diaz-Tushman",
                    "email": "rdiaztushman@dioscouri.com",
                    "homepage": "http://dioscouri.com",
                    "role": "Developer"
                }
            ],
            "description": "A Mandrill Mailer App for F3-framework",
            "homepage": "https://github.com/rallysportdirect/mailer",
            "keywords": [
                "F3",
                "RAD",
                "email",
                "mandrill"
            ],
            "support": {
                "source": "https://github.com/AmmoniteNetworks/Mailer/tree/master",
                "issues": "https://github.com/AmmoniteNetworks/Mailer/issues"
            },
            "time": "2016-04-03 20:15:51"
        },
        {
            "name": "ammonitenetworks/minify",
            "version": "dev-master",
            "source": {
                "type": "git",
                "url": "git@github.com:AmmoniteNetworks/Minify.git",
                "reference": "98eef91fda13fe1c8e2b1b5bbdfa1906d92d6644"
            },
            "dist": {
                "type": "zip",
                "url": "https://api.github.com/repos/AmmoniteNetworks/Minify/zipball/98eef91fda13fe1c8e2b1b5bbdfa1906d92d6644",
                "reference": "98eef91fda13fe1c8e2b1b5bbdfa1906d92d6644",
                "shasum": ""
            },
            "require": {
                "ammonitenetworks/library": "dev-master",
                "php": ">=5.4.0"
            },
            "type": "component",
            "autoload": {
                "psr-0": {
                    "Minify": "src/"
                }
            },
            "license": [
                "GPL"
            ],
            "authors": [
                {
                    "name": "Rafael Diaz-Tushman",
                    "email": "rdiaztushman@dioscouri.com",
                    "homepage": "http://ammonitenetworks.com",
                    "role": "Developer"
                }
            ],
            "description": "Front-end package manager for the F3-framework",
            "homepage": "https://github.com/ammonitenetworks/minify",
            "keywords": [
                "F3",
                "Package Manager",
                "RAD"
            ],
            "support": {
                "source": "https://github.com/AmmoniteNetworks/Minify/tree/master",
                "issues": "https://github.com/AmmoniteNetworks/Minify/issues"
            },
            "time": "2016-04-09 21:24:59"
        },
        {
            "name": "ammonitenetworks/modules",
            "version": "dev-master",
            "source": {
                "type": "git",
                "url": "git@github.com:AmmoniteNetworks/Modules.git",
                "reference": "528bce7c3e66570dfaf66a91cb29298079cb312e"
            },
            "dist": {
                "type": "zip",
                "url": "https://api.github.com/repos/AmmoniteNetworks/Modules/zipball/528bce7c3e66570dfaf66a91cb29298079cb312e",
                "reference": "528bce7c3e66570dfaf66a91cb29298079cb312e",
                "shasum": ""
            },
            "require": {
                "ammonitenetworks/admin": "dev-master",
                "ammonitenetworks/library": "dev-master",
                "php": ">=5.4.0",
                "snowplow/referer-parser": ">=0.1.0"
            },
            "type": "component",
            "autoload": {
                "psr-0": {
                    "Modules": "src/"
                }
            },
            "license": [
                "GPL"
            ],
            "authors": [
                {
                    "name": "Rafael Diaz-Tushman",
                    "email": "rdiaztushman@dioscouri.com",
                    "homepage": "http://dioscouri.com",
                    "role": "Developer"
                }
            ],
            "description": "Modules component for the F3-framework",
            "homepage": "https://github.com/ammonitenetworks/modules",
            "keywords": [
                "F3",
                "Module Manager",
                "RAD"
            ],
            "support": {
                "source": "https://github.com/AmmoniteNetworks/Modules/tree/master",
                "issues": "https://github.com/AmmoniteNetworks/Modules/issues"
            },
            "time": "2016-04-10 20:02:00"
        },
        {
            "name": "ammonitenetworks/pages",
            "version": "dev-master",
            "source": {
                "type": "git",
                "url": "git@github.com:AmmoniteNetworks/Pages.git",
                "reference": "af4a2d98c29d6dd9156c269e0356468edefb654b"
            },
            "dist": {
                "type": "zip",
                "url": "https://api.github.com/repos/AmmoniteNetworks/Pages/zipball/af4a2d98c29d6dd9156c269e0356468edefb654b",
                "reference": "af4a2d98c29d6dd9156c269e0356468edefb654b",
                "shasum": ""
            },
            "require": {
                "ammonitenetworks/library": "dev-master",
                "php": ">=5.4.0"
            },
            "type": "component",
            "autoload": {
                "psr-0": {
                    "Pages": "src/"
                }
            },
            "license": [
                "GPL"
            ],
            "authors": [
                {
                    "name": "Rafael Diaz-Tushman",
                    "email": "rdiaztushman@dioscouri.com",
                    "homepage": "http://dioscouri.com",
                    "role": "Developer"
                }
            ],
            "description": "Static content for the F3-framework",
            "homepage": "https://github.com/ammonitenetworks/pages",
            "keywords": [
                "Content",
                "F3",
                "RAD"
            ],
            "support": {
                "source": "https://github.com/AmmoniteNetworks/Pages/tree/master",
                "issues": "https://github.com/AmmoniteNetworks/Pages/issues"
            },
            "time": "2016-04-01 20:37:41"
        },
        {
            "name": "ammonitenetworks/search",
            "version": "dev-master",
            "source": {
                "type": "git",
                "url": "git@github.com:AmmoniteNetworks/Search.git",
                "reference": "a06505b924b1e4815ade872d92d0ae968868cd39"
            },
            "dist": {
                "type": "zip",
                "url": "https://api.github.com/repos/AmmoniteNetworks/Search/zipball/a06505b924b1e4815ade872d92d0ae968868cd39",
                "reference": "a06505b924b1e4815ade872d92d0ae968868cd39",
                "shasum": ""
            },
            "require": {
                "ammonitenetworks/admin": "dev-master",
                "ammonitenetworks/library": "dev-master",
                "php": ">=5.4.0"
            },
            "type": "component",
            "autoload": {
                "psr-0": {
                    "Search": "src/"
                }
            },
            "license": [
                "GPL"
            ],
            "authors": [
                {
                    "name": "Rafael Diaz-Tushman",
                    "email": "rdiaztushman@dioscouri.com",
                    "homepage": "http://dioscouri.com",
                    "role": "Developer"
                }
            ],
            "description": "Generic search for the F3-framework",
            "homepage": "https://github.com/ammonitenetworks/search",
            "keywords": [
                "F3",
                "RAD",
                "Search"
            ],
            "support": {
                "source": "https://github.com/AmmoniteNetworks/Search/tree/master",
                "issues": "https://github.com/AmmoniteNetworks/Search/issues"
            },
            "time": "2016-04-03 20:13:00"
        },
        {
            "name": "ammonitenetworks/shop",
            "version": "dev-master",
            "source": {
                "type": "git",
                "url": "git@github.com:AmmoniteNetworks/Shop.git",
                "reference": "78b9b7ab5175e2c9889c853a4e15eb5d69a63018"
            },
            "dist": {
                "type": "zip",
                "url": "https://api.github.com/repos/AmmoniteNetworks/Shop/zipball/78b9b7ab5175e2c9889c853a4e15eb5d69a63018",
                "reference": "78b9b7ab5175e2c9889c853a4e15eb5d69a63018",
                "shasum": ""
            },
            "require": {
                "ammonitenetworks/admin": "dev-master",
                "ammonitenetworks/library": "dev-master",
                "php": ">=5.4.0"
            },
            "type": "component",
            "autoload": {
                "psr-0": {
                    "Shop": "src/"
                }
            },
            "license": [
                "GPL"
            ],
            "authors": [
                {
                    "name": "Rafael Diaz-Tushman",
                    "email": "rdiaztushman@dioscouri.com",
                    "homepage": "http://dioscouri.com",
                    "role": "Developer"
                }
            ],
            "description": "E-commerce component for the F3-framework",
            "homepage": "https://github.com/ammonitenetworks/shop",
            "keywords": [
                "E-Commerce",
                "F3",
                "RAD"
            ],
            "support": {
                "source": "https://github.com/AmmoniteNetworks/Shop/tree/master",
                "issues": "https://github.com/AmmoniteNetworks/Shop/issues"
            },
            "time": "2016-04-09 20:58:52"
        },
        {
            "name": "ammonitenetworks/users",
            "version": "dev-master",
            "source": {
                "type": "git",
                "url": "git@github.com:AmmoniteNetworks/Users.git",
                "reference": "e07975de8d23c93af70e7a65109420dc903c0123"
            },
            "dist": {
                "type": "zip",
                "url": "https://api.github.com/repos/AmmoniteNetworks/Users/zipball/e07975de8d23c93af70e7a65109420dc903c0123",
                "reference": "e07975de8d23c93af70e7a65109420dc903c0123",
                "shasum": ""
            },
            "require": {
                "ammonitenetworks/library": "dev-master",
                "php": ">=5.4.0"
            },
            "type": "component",
            "autoload": {
                "psr-0": {
                    "Users": "src/"
                }
            },
            "license": [
                "GPL"
            ],
            "authors": [
                {
                    "name": "Chris French",
                    "email": "chris@ammonitenetworks.com",
                    "homepage": "http://ammonitenetworks.com",
                    "role": "Developer"
                },
                {
                    "name": "Rafael Diaz-Tushman",
                    "email": "rdiaztushman@dioscouri.com",
                    "homepage": "http://dioscouri.com",
                    "role": "Developer"
                }
            ],
            "description": "Simple User component for the F3-framework",
            "homepage": "https://github.com/ammonitenetworks/f3-users",
            "keywords": [
                "F3",
                "RAD",
                "User Management"
            ],
            "support": {
                "source": "https://github.com/AmmoniteNetworks/Users/tree/master",
                "issues": "https://github.com/AmmoniteNetworks/Users/issues"
            },
            "time": "2016-04-01 20:50:56"
        },
        {
            "name": "bcosca/fatfree",
            "version": "3.5.1",
            "source": {
                "type": "git",
                "url": "https://github.com/bcosca/fatfree.git",
                "reference": "943df693fa3b183f7fec6fb09f9c9f89413228e6"
            },
            "dist": {
                "type": "zip",
                "url": "https://api.github.com/repos/bcosca/fatfree/zipball/943df693fa3b183f7fec6fb09f9c9f89413228e6",
                "reference": "943df693fa3b183f7fec6fb09f9c9f89413228e6",
                "shasum": ""
            },
            "require": {
                "php": ">=5.3.6"
            },
            "type": "library",
            "autoload": {
                "files": [
                    "lib/base.php"
                ]
            },
            "notification-url": "https://packagist.org/downloads/",
            "license": [
                "GPL-3.0"
            ],
            "description": "A powerful yet easy-to-use PHP micro-framework designed to help you build dynamic and robust Web applications - fast!",
            "homepage": "http://fatfreeframework.com/",
            "time": "2015-12-31 17:20:37"
        },
        {
            "name": "cloudinary/cloudinary_php",
            "version": "1.3.1",
            "source": {
                "type": "git",
                "url": "https://github.com/cloudinary/cloudinary_php.git",
                "reference": "94582b6bc7d6c5b97f9aae441d7d25e6fd93ef76"
            },
            "dist": {
                "type": "zip",
                "url": "https://api.github.com/repos/cloudinary/cloudinary_php/zipball/94582b6bc7d6c5b97f9aae441d7d25e6fd93ef76",
                "reference": "94582b6bc7d6c5b97f9aae441d7d25e6fd93ef76",
                "shasum": ""
            },
            "require": {
                "ext-curl": "*",
                "ext-json": "*",
                "php": ">=5.3.0"
            },
            "require-dev": {
                "phpunit/phpunit": "4.7.*"
            },
            "type": "library",
            "autoload": {
                "classmap": [
                    "src"
                ],
                "files": [
                    "src/Helpers.php"
                ]
            },
            "notification-url": "https://packagist.org/downloads/",
            "license": [
                "MIT"
            ],
            "authors": [
                {
                    "name": "Cloudinary",
                    "homepage": "https://github.com/cloudinary/cloudinary_php/graphs/contributors"
                }
            ],
            "description": "Cloudinary PHP SDK",
            "homepage": "https://github.com/cloudinary/cloudinary_php",
            "keywords": [
                "cdn",
                "cloud",
                "cloudinary",
                "image management",
                "sdk"
            ],
            "time": "2016-03-22 14:54:00"
        },
        {
            "name": "joomla/compat",
            "version": "1.2.0",
            "source": {
                "type": "git",
                "url": "https://github.com/joomla-framework/compat.git",
                "reference": "f23565fe0184517778996226eb4b2333deb369c4"
            },
            "dist": {
                "type": "zip",
                "url": "https://api.github.com/repos/joomla-framework/compat/zipball/f23565fe0184517778996226eb4b2333deb369c4",
                "reference": "f23565fe0184517778996226eb4b2333deb369c4",
                "shasum": ""
            },
            "require": {
                "php": ">=5.3.10"
            },
            "type": "joomla-package",
            "autoload": {
                "classmap": [
                    "src/JsonSerializable.php",
                    "src/CallbackFilterIterator.php"
                ]
            },
            "notification-url": "https://packagist.org/downloads/",
            "license": [
                "GPL-2.0+"
            ],
            "description": "Joomla Compat Package",
            "homepage": "https://github.com/joomla-framework/compat",
            "keywords": [
                "compat",
                "framework",
                "joomla"
            ],
            "time": "2015-02-24 00:21:06"
        },
        {
            "name": "joomla/registry",
            "version": "1.5.0",
            "source": {
                "type": "git",
                "url": "https://github.com/joomla-framework/registry.git",
                "reference": "db55cf426bd27524557affbe95b18d6a2f959657"
            },
            "dist": {
                "type": "zip",
                "url": "https://api.github.com/repos/joomla-framework/registry/zipball/db55cf426bd27524557affbe95b18d6a2f959657",
                "reference": "db55cf426bd27524557affbe95b18d6a2f959657",
                "shasum": ""
            },
            "require": {
                "joomla/compat": "~1.0",
                "joomla/string": "~1.3",
                "joomla/utilities": "~1.0",
                "php": ">=5.3.10"
            },
            "require-dev": {
                "joomla/test": "~1.0",
                "phpunit/phpunit": "4.*",
                "squizlabs/php_codesniffer": "1.*",
                "symfony/yaml": "~2.0"
            },
            "suggest": {
                "symfony/yaml": "Install 2.* if you require YAML support."
            },
            "type": "joomla-package",
            "extra": {
                "branch-alias": {
                    "dev-master": "1.x-dev"
                }
            },
            "autoload": {
                "psr-4": {
                    "Joomla\\Registry\\": "src/",
                    "Joomla\\Registry\\Tests\\": "Tests/"
                }
            },
            "notification-url": "https://packagist.org/downloads/",
            "license": [
                "GPL-2.0+"
            ],
            "description": "Joomla Registry Package",
            "homepage": "https://github.com/joomla-framework/registry",
            "keywords": [
                "framework",
                "joomla",
                "registry"
            ],
            "time": "2015-10-14 17:01:46"
        },
        {
            "name": "joomla/string",
            "version": "1.4.0",
            "source": {
                "type": "git",
                "url": "https://github.com/joomla-framework/string.git",
                "reference": "05197132a075ee22a3f0f7da31a19a6d5b4717db"
            },
            "dist": {
                "type": "zip",
                "url": "https://api.github.com/repos/joomla-framework/string/zipball/05197132a075ee22a3f0f7da31a19a6d5b4717db",
                "reference": "05197132a075ee22a3f0f7da31a19a6d5b4717db",
                "shasum": ""
            },
            "require": {
                "php": ">=5.3.10|>=7.0"
            },
            "require-dev": {
                "joomla/test": "~1.0",
                "phpunit/phpunit": "~4.8|~5.0",
                "squizlabs/php_codesniffer": "1.*"
            },
            "type": "joomla-package",
            "extra": {
                "branch-alias": {
                    "dev-master": "1.x-dev"
                }
            },
            "autoload": {
                "psr-4": {
                    "Joomla\\String\\": "src/",
                    "Joomla\\String\\Tests\\": "Tests/"
                },
                "files": [
                    "src/phputf8/utf8.php",
                    "src/phputf8/ord.php",
                    "src/phputf8/str_ireplace.php",
                    "src/phputf8/str_pad.php",
                    "src/phputf8/str_split.php",
                    "src/phputf8/strcasecmp.php",
                    "src/phputf8/strcspn.php",
                    "src/phputf8/stristr.php",
                    "src/phputf8/strrev.php",
                    "src/phputf8/strspn.php",
                    "src/phputf8/trim.php",
                    "src/phputf8/ucfirst.php",
                    "src/phputf8/ucwords.php",
                    "src/phputf8/utils/ascii.php",
                    "src/phputf8/utils/validation.php"
                ]
            },
            "notification-url": "https://packagist.org/downloads/",
            "license": [
                "GPL-2.0+"
            ],
            "description": "Joomla String Package",
            "homepage": "https://github.com/joomla-framework/string",
            "keywords": [
                "framework",
                "joomla",
                "string"
            ],
            "time": "2016-01-30 20:04:23"
        },
        {
            "name": "joomla/utilities",
            "version": "1.4.0",
            "source": {
                "type": "git",
                "url": "https://github.com/joomla-framework/utilities.git",
                "reference": "ecf18231ff86ab06cf555a7c3ed4dd447ae39e9b"
            },
            "dist": {
                "type": "zip",
                "url": "https://api.github.com/repos/joomla-framework/utilities/zipball/ecf18231ff86ab06cf555a7c3ed4dd447ae39e9b",
                "reference": "ecf18231ff86ab06cf555a7c3ed4dd447ae39e9b",
                "shasum": ""
            },
            "require": {
                "joomla/string": "~1.3",
                "php": ">=5.3.10"
            },
            "require-dev": {
                "phpunit/phpunit": "4.*",
                "squizlabs/php_codesniffer": "1.*"
            },
            "type": "joomla-package",
            "extra": {
                "branch-alias": {
                    "dev-master": "1.x-dev"
                }
            },
            "autoload": {
                "psr-4": {
                    "Joomla\\Utilities\\": "src/",
                    "Joomla\\Utilities\\Tests\\": "Tests/"
                }
            },
            "notification-url": "https://packagist.org/downloads/",
            "license": [
                "GPL-2.0+"
            ],
            "description": "Joomla Utilities Package",
            "homepage": "https://github.com/joomla-framework/utilities",
            "keywords": [
                "framework",
                "joomla",
                "utilities"
            ],
            "time": "2015-09-05 16:41:24"
        },
        {
            "name": "mandrill/mandrill",
            "version": "1.0.55",
            "source": {
                "type": "git",
                "url": "https://bitbucket.org/mailchimp/mandrill-api-php.git",
                "reference": "da3adc10042eafac2e53de141b358a52b8e53596"
            },
            "dist": {
                "type": "zip",
                "url": "https://bitbucket.org/mailchimp/mandrill-api-php/get/da3adc10042eafac2e53de141b358a52b8e53596.zip",
                "reference": "da3adc10042eafac2e53de141b358a52b8e53596",
                "shasum": ""
            },
            "require": {
                "php": ">=5.2.0"
            },
            "type": "library",
            "autoload": {
                "psr-0": {
                    "Mandrill": "src/"
                }
            },
            "notification-url": "https://packagist.org/downloads/",
            "license": [
                "Apache-2.0"
            ],
            "authors": [
                {
                    "name": "Mandrill Devs",
                    "email": "community@mandrill.com",
                    "homepage": "http://mandrill.com",
                    "role": "Developer"
                }
            ],
            "description": "API client library for the Mandrill email as a service platform",
            "homepage": "https://bitbucket.org/mailchimp/mandrill-api-php",
            "keywords": [
                "api",
                "email"
            ],
            "time": "2015-09-22 13:58:03"
        },
        {
            "name": "phpmailer/phpmailer",
            "version": "v5.2.14",
            "source": {
                "type": "git",
                "url": "https://github.com/PHPMailer/PHPMailer.git",
                "reference": "e774bc9152de85547336e22b8926189e582ece95"
            },
            "dist": {
                "type": "zip",
                "url": "https://api.github.com/repos/PHPMailer/PHPMailer/zipball/e774bc9152de85547336e22b8926189e582ece95",
                "reference": "e774bc9152de85547336e22b8926189e582ece95",
                "shasum": ""
            },
            "require": {
                "php": ">=5.0.0"
            },
            "require-dev": {
                "phpdocumentor/phpdocumentor": "*",
                "phpunit/phpunit": "4.7.*"
            },
            "suggest": {
                "league/oauth2-client": "Needed for XOAUTH2 authentication",
                "league/oauth2-google": "Needed for Gmail XOAUTH2"
            },
            "type": "library",
            "autoload": {
                "classmap": [
                    "class.phpmailer.php",
                    "class.phpmaileroauth.php",
                    "class.phpmaileroauthgoogle.php",
                    "class.smtp.php",
                    "class.pop3.php",
                    "extras/EasyPeasyICS.php",
                    "extras/ntlm_sasl_client.php"
                ]
            },
            "notification-url": "https://packagist.org/downloads/",
            "license": [
                "LGPL-2.1"
            ],
            "authors": [
                {
                    "name": "Jim Jagielski",
                    "email": "jimjag@gmail.com"
                },
                {
                    "name": "Marcus Bointon",
                    "email": "phpmailer@synchromedia.co.uk"
                },
                {
                    "name": "Andy Prevost",
                    "email": "codeworxtech@users.sourceforge.net"
                },
                {
                    "name": "Brent R. Matzelle"
                }
            ],
            "description": "PHPMailer is a full-featured email creation and transfer class for PHP",
            "time": "2015-11-01 10:15:28"
        },
        {
            "name": "snowplow/referer-parser",
            "version": "0.2.0",
            "source": {
                "type": "git",
                "url": "https://github.com/snowplow/referer-parser.git",
                "reference": "5ce872b60999c63039723959a45928ef1196f03d"
            },
            "dist": {
                "type": "zip",
                "url": "https://api.github.com/repos/snowplow/referer-parser/zipball/5ce872b60999c63039723959a45928ef1196f03d",
                "reference": "5ce872b60999c63039723959a45928ef1196f03d",
                "shasum": ""
            },
            "require-dev": {
                "phpunit/phpunit": "3.*",
                "symfony/yaml": "*"
            },
            "suggest": {
                "symfony/yaml": "Support for YAML configuration file"
            },
            "type": "library",
            "autoload": {
                "psr-0": {
                    "Snowplow\\RefererParser": "php/src/"
                }
            },
            "notification-url": "https://packagist.org/downloads/",
            "license": [
                "MIT"
            ],
            "authors": [
                {
                    "name": "Lars Strojny",
                    "email": "lars@strojny.net"
                }
            ],
            "description": "Snowplow Refer(r)er parser for PHP",
            "time": "2016-01-29 16:43:00"
        }
    ],
    "packages-dev": [],
    "aliases": [],
    "minimum-stability": "stable",
    "stability-flags": {
        "ammonitenetworks/library": 20,
        "ammonitenetworks/admin": 20,
        "ammonitenetworks/mailer": 20,
        "ammonitenetworks/pages": 20,
        "ammonitenetworks/blog": 20,
        "ammonitenetworks/users": 20,
        "ammonitenetworks/search": 20,
        "ammonitenetworks/assets": 20,
        "ammonitenetworks/shop": 20,
        "ammonitenetworks/activity": 20,
        "ammonitenetworks/minify": 20,
        "ammonitenetworks/modules": 20
    },
    "prefer-stable": false,
    "prefer-lowest": false,
    "platform": [],
    "platform-dev": []
}
